
Microsoft Visual Studio Solution File, Format Version 12.00
# Visual Studio Version 17
VisualStudioVersion = 17.4.33213.308
MinimumVisualStudioVersion = 10.0.40219.1
Project("{FAE04EC0-301F-11D3-BF4B-00C04F79EFBC}") = "LedBadgeProject", "LedBadgeProject\LedBadgeProject.csproj", "{30547685-9C91-4535-AE7F-CA2AE5E39AC2}"
EndProject
Global
	GlobalSection(SolutionConfigurationPlatforms) = preSolution
		Debug|Any CPU = Debug|Any CPU
		Release|Any CPU = Release|Any CPU
	EndGlobalSection
	GlobalSection(ProjectConfigurationPlatforms) = postSolution
		{30547685-9C91-4535-AE7F-CA2AE5E39AC2}.Debug|Any CPU.ActiveCfg = Debug|Any CPU
		{30547685-9C91-4535-AE7F-CA2AE5E39AC2}.Debug|Any CPU.Build.0 = Debug|Any CPU
		{30547685-9C91-4535-AE7F-CA2AE5E39AC2}.Release|Any CPU.ActiveCfg = Release|Any CPU
		{30547685-9C91-4535-AE7F-CA2AE5E39AC2}.Release|Any CPU.Build.0 = Release|Any CPU
	EndGlobalSection
	GlobalSection(SolutionProperties) = preSolution
		HideSolutionNode = FALSE
	EndGlobalSection
	GlobalSection(ExtensibilityGlobals) = postSolution
		SolutionGuid = {3B74EA3F-FD4B-46B0-942A-F2EFDB36DDD1}
	EndGlobalSection
EndGlobal
